
Microsoft Visual Studio Solution File, Format Version 12.00
# Visual Studio Version 17
VisualStudioVersion = 17.8.34322.80
MinimumVisualStudioVersion = 10.0.40219.1
Project("{FAE04EC0-301F-11D3-BF4B-00C04F79EFBC}") = "Aplicativo Previsão do Tempo", "Aplicativo Previsão do Tempo.csproj", "{06D9C344-C048-478C-BA65-F8643411E85C}"
EndProject
Global
	GlobalSection(SolutionConfigurationPlatforms) = preSolution
		Debug|Any CPU = Debug|Any CPU
		Release|Any CPU = Release|Any CPU
	EndGlobalSection
	GlobalSection(ProjectConfigurationPlatforms) = postSolution
		{06D9C344-C048-478C-BA65-F8643411E85C}.Debug|Any CPU.ActiveCfg = Debug|Any CPU
		{06D9C344-C048-478C-BA65-F8643411E85C}.Debug|Any CPU.Build.0 = Debug|Any CPU
		{06D9C344-C048-478C-BA65-F8643411E85C}.Release|Any CPU.ActiveCfg = Release|Any CPU
		{06D9C344-C048-478C-BA65-F8643411E85C}.Release|Any CPU.Build.0 = Release|Any CPU
	EndGlobalSection
	GlobalSection(SolutionProperties) = preSolution
		HideSolutionNode = FALSE
	EndGlobalSection
	GlobalSection(ExtensibilityGlobals) = postSolution
		SolutionGuid = {C3D4EBE1-66B2-46D9-B0DB-1A984C09CB8D}
	EndGlobalSection
EndGlobal
